
Microsoft Visual Studio Solution File, Format Version 12.00
# Visual Studio 15
Project("{FAE04EC0-301F-11D3-BF4B-00C04F79EFBC}") = "Assembly-CSharp", "Assembly-CSharp.csproj", "{06314680-90AE-CFBC-487F-D7E7B35F4630}"
EndProject
Project("{FAE04EC0-301F-11D3-BF4B-00C04F79EFBC}") = "Assembly-CSharp-Editor", "Assembly-CSharp-Editor.csproj", "{19ED1567-9820-7C98-9BB7-2DC9071401D1}"
EndProject
Global
	GlobalSection(SolutionConfigurationPlatforms) = preSolution
		Debug|Any CPU = Debug|Any CPU
		Release|Any CPU = Release|Any CPU
	EndGlobalSection
	GlobalSection(ProjectConfigurationPlatforms) = postSolution
		{06314680-90AE-CFBC-487F-D7E7B35F4630}.Debug|Any CPU.ActiveCfg = Debug|Any CPU
		{06314680-90AE-CFBC-487F-D7E7B35F4630}.Debug|Any CPU.Build.0 = Debug|Any CPU
		{06314680-90AE-CFBC-487F-D7E7B35F4630}.Release|Any CPU.ActiveCfg = Release|Any CPU
		{06314680-90AE-CFBC-487F-D7E7B35F4630}.Release|Any CPU.Build.0 = Release|Any CPU
		{19ED1567-9820-7C98-9BB7-2DC9071401D1}.Debug|Any CPU.ActiveCfg = Debug|Any CPU
		{19ED1567-9820-7C98-9BB7-2DC9071401D1}.Debug|Any CPU.Build.0 = Debug|Any CPU
		{19ED1567-9820-7C98-9BB7-2DC9071401D1}.Release|Any CPU.ActiveCfg = Release|Any CPU
		{19ED1567-9820-7C98-9BB7-2DC9071401D1}.Release|Any CPU.Build.0 = Release|Any CPU
	EndGlobalSection
	GlobalSection(SolutionProperties) = preSolution
		HideSolutionNode = FALSE
	EndGlobalSection
EndGlobal
